
Microsoft Visual Studio Solution File, Format Version 12.00
# Visual Studio Version 17
VisualStudioVersion = 17.0.31903.59
MinimumVisualStudioVersion = 10.0.40219.1
Project("{FAE04EC0-301F-11D3-BF4B-00C04F79EFBC}") = "API", "API\API.csproj", "{6CD073E5-8561-4BC8-94C7-5AF03FC6B7FA}"
EndProject
Project("{FAE04EC0-301F-11D3-BF4B-00C04F79EFBC}") = "Core", "Core\Core.csproj", "{DEDC7399-7163-456A-8CC8-8A0C13B4AA84}"
EndProject
Project("{FAE04EC0-301F-11D3-BF4B-00C04F79EFBC}") = "Infrastructure", "Infrastructure\Infrastructure.csproj", "{E85C2CA6-153B-4243-890C-4EB96625B675}"
EndProject
Global
	GlobalSection(SolutionConfigurationPlatforms) = preSolution
		Debug|Any CPU = Debug|Any CPU
		Release|Any CPU = Release|Any CPU
	EndGlobalSection
	GlobalSection(SolutionProperties) = preSolution
		HideSolutionNode = FALSE
	EndGlobalSection
	GlobalSection(ProjectConfigurationPlatforms) = postSolution
		{6CD073E5-8561-4BC8-94C7-5AF03FC6B7FA}.Debug|Any CPU.ActiveCfg = Debug|Any CPU
		{6CD073E5-8561-4BC8-94C7-5AF03FC6B7FA}.Debug|Any CPU.Build.0 = Debug|Any CPU
		{6CD073E5-8561-4BC8-94C7-5AF03FC6B7FA}.Release|Any CPU.ActiveCfg = Release|Any CPU
		{6CD073E5-8561-4BC8-94C7-5AF03FC6B7FA}.Release|Any CPU.Build.0 = Release|Any CPU
		{DEDC7399-7163-456A-8CC8-8A0C13B4AA84}.Debug|Any CPU.ActiveCfg = Debug|Any CPU
		{DEDC7399-7163-456A-8CC8-8A0C13B4AA84}.Debug|Any CPU.Build.0 = Debug|Any CPU
		{DEDC7399-7163-456A-8CC8-8A0C13B4AA84}.Release|Any CPU.ActiveCfg = Release|Any CPU
		{DEDC7399-7163-456A-8CC8-8A0C13B4AA84}.Release|Any CPU.Build.0 = Release|Any CPU
		{E85C2CA6-153B-4243-890C-4EB96625B675}.Debug|Any CPU.ActiveCfg = Debug|Any CPU
		{E85C2CA6-153B-4243-890C-4EB96625B675}.Debug|Any CPU.Build.0 = Debug|Any CPU
		{E85C2CA6-153B-4243-890C-4EB96625B675}.Release|Any CPU.ActiveCfg = Release|Any CPU
		{E85C2CA6-153B-4243-890C-4EB96625B675}.Release|Any CPU.Build.0 = Release|Any CPU
	EndGlobalSection
EndGlobal
